
Microsoft Visual Studio Solution File, Format Version 12.00
# Visual Studio 14
VisualStudioVersion = 14.0.25420.1
MinimumVisualStudioVersion = 10.0.40219.1
Project("{FAE04EC0-301F-11D3-BF4B-00C04F79EFBC}") = "ProgrammingPractice", "ProgrammingPractice\ProgrammingPractice.csproj", "{81387AC6-F21F-4F88-97D7-3E5379EB8C74}"
	ProjectSection(ProjectDependencies) = postProject
		{B95D6D7B-9D69-4ABE-8312-4E941CF4EF25} = {B95D6D7B-9D69-4ABE-8312-4E941CF4EF25}
	EndProjectSection
EndProject
Project("{FAE04EC0-301F-11D3-BF4B-00C04F79EFBC}") = "ProgrammingPractice.Tests", "ProgrammingPractice.Tests\ProgrammingPractice.Tests.csproj", "{7AD4832A-7567-4FA0-9B70-ACC4C5DEB49E}"
EndProject
Project("{FAE04EC0-301F-11D3-BF4B-00C04F79EFBC}") = "ProgrammingPractice.Interfaces", "ProgrammingPractice.Interfaces\ProgrammingPractice.Interfaces.csproj", "{B65E72F9-396D-47F2-A2E7-6EFFC8261356}"
EndProject
Project("{FAE04EC0-301F-11D3-BF4B-00C04F79EFBC}") = "ProgrammingPractice.Service", "ProgrammingPractice.Service\ProgrammingPractice.Service.csproj", "{B95D6D7B-9D69-4ABE-8312-4E941CF4EF25}"
	ProjectSection(ProjectDependencies) = postProject
		{DFB16F4B-6000-46DB-8C9F-A72BEFC61E8A} = {DFB16F4B-6000-46DB-8C9F-A72BEFC61E8A}
		{10A67A8A-492E-44E1-9B1D-E62B8149BC04} = {10A67A8A-492E-44E1-9B1D-E62B8149BC04}
		{B65E72F9-396D-47F2-A2E7-6EFFC8261356} = {B65E72F9-396D-47F2-A2E7-6EFFC8261356}
	EndProjectSection
EndProject
Project("{FAE04EC0-301F-11D3-BF4B-00C04F79EFBC}") = "ProgrammingPractice.Model", "ProgrammingPractice.Model\ProgrammingPractice.Model.csproj", "{10A67A8A-492E-44E1-9B1D-E62B8149BC04}"
	ProjectSection(ProjectDependencies) = postProject
		{DFB16F4B-6000-46DB-8C9F-A72BEFC61E8A} = {DFB16F4B-6000-46DB-8C9F-A72BEFC61E8A}
		{D8786FA8-DD42-43A4-B1CF-02D99BEA2985} = {D8786FA8-DD42-43A4-B1CF-02D99BEA2985}
		{B65E72F9-396D-47F2-A2E7-6EFFC8261356} = {B65E72F9-396D-47F2-A2E7-6EFFC8261356}
	EndProjectSection
EndProject
Project("{FAE04EC0-301F-11D3-BF4B-00C04F79EFBC}") = "ProgrammingPractice.Data", "ProgrammingPractice.Data\ProgrammingPractice.Data.csproj", "{D8786FA8-DD42-43A4-B1CF-02D99BEA2985}"
	ProjectSection(ProjectDependencies) = postProject
		{DFB16F4B-6000-46DB-8C9F-A72BEFC61E8A} = {DFB16F4B-6000-46DB-8C9F-A72BEFC61E8A}
		{B65E72F9-396D-47F2-A2E7-6EFFC8261356} = {B65E72F9-396D-47F2-A2E7-6EFFC8261356}
	EndProjectSection
EndProject
Project("{FAE04EC0-301F-11D3-BF4B-00C04F79EFBC}") = "ProgrammingPractice.ErrorHandling", "ProgrammingPractice.ErrorHandling\ProgrammingPractice.ErrorHandling.csproj", "{DFB16F4B-6000-46DB-8C9F-A72BEFC61E8A}"
EndProject
Global
	GlobalSection(SolutionConfigurationPlatforms) = preSolution
		Debug|Any CPU = Debug|Any CPU
		Release|Any CPU = Release|Any CPU
	EndGlobalSection
	GlobalSection(ProjectConfigurationPlatforms) = postSolution
		{81387AC6-F21F-4F88-97D7-3E5379EB8C74}.Debug|Any CPU.ActiveCfg = Debug|Any CPU
		{81387AC6-F21F-4F88-97D7-3E5379EB8C74}.Debug|Any CPU.Build.0 = Debug|Any CPU
		{81387AC6-F21F-4F88-97D7-3E5379EB8C74}.Release|Any CPU.ActiveCfg = Release|Any CPU
		{81387AC6-F21F-4F88-97D7-3E5379EB8C74}.Release|Any CPU.Build.0 = Release|Any CPU
		{7AD4832A-7567-4FA0-9B70-ACC4C5DEB49E}.Debug|Any CPU.ActiveCfg = Debug|Any CPU
		{7AD4832A-7567-4FA0-9B70-ACC4C5DEB49E}.Debug|Any CPU.Build.0 = Debug|Any CPU
		{7AD4832A-7567-4FA0-9B70-ACC4C5DEB49E}.Release|Any CPU.ActiveCfg = Release|Any CPU
		{7AD4832A-7567-4FA0-9B70-ACC4C5DEB49E}.Release|Any CPU.Build.0 = Release|Any CPU
		{B65E72F9-396D-47F2-A2E7-6EFFC8261356}.Debug|Any CPU.ActiveCfg = Debug|Any CPU
		{B65E72F9-396D-47F2-A2E7-6EFFC8261356}.Debug|Any CPU.Build.0 = Debug|Any CPU
		{B65E72F9-396D-47F2-A2E7-6EFFC8261356}.Release|Any CPU.ActiveCfg = Release|Any CPU
		{B65E72F9-396D-47F2-A2E7-6EFFC8261356}.Release|Any CPU.Build.0 = Release|Any CPU
		{B95D6D7B-9D69-4ABE-8312-4E941CF4EF25}.Debug|Any CPU.ActiveCfg = Debug|Any CPU
		{B95D6D7B-9D69-4ABE-8312-4E941CF4EF25}.Debug|Any CPU.Build.0 = Debug|Any CPU
		{B95D6D7B-9D69-4ABE-8312-4E941CF4EF25}.Release|Any CPU.ActiveCfg = Release|Any CPU
		{B95D6D7B-9D69-4ABE-8312-4E941CF4EF25}.Release|Any CPU.Build.0 = Release|Any CPU
		{10A67A8A-492E-44E1-9B1D-E62B8149BC04}.Debug|Any CPU.ActiveCfg = Debug|Any CPU
		{10A67A8A-492E-44E1-9B1D-E62B8149BC04}.Debug|Any CPU.Build.0 = Debug|Any CPU
		{10A67A8A-492E-44E1-9B1D-E62B8149BC04}.Release|Any CPU.ActiveCfg = Release|Any CPU
		{10A67A8A-492E-44E1-9B1D-E62B8149BC04}.Release|Any CPU.Build.0 = Release|Any CPU
		{D8786FA8-DD42-43A4-B1CF-02D99BEA2985}.Debug|Any CPU.ActiveCfg = Debug|Any CPU
		{D8786FA8-DD42-43A4-B1CF-02D99BEA2985}.Debug|Any CPU.Build.0 = Debug|Any CPU
		{D8786FA8-DD42-43A4-B1CF-02D99BEA2985}.Release|Any CPU.ActiveCfg = Release|Any CPU
		{D8786FA8-DD42-43A4-B1CF-02D99BEA2985}.Release|Any CPU.Build.0 = Release|Any CPU
		{DFB16F4B-6000-46DB-8C9F-A72BEFC61E8A}.Debug|Any CPU.ActiveCfg = Debug|Any CPU
		{DFB16F4B-6000-46DB-8C9F-A72BEFC61E8A}.Debug|Any CPU.Build.0 = Debug|Any CPU
		{DFB16F4B-6000-46DB-8C9F-A72BEFC61E8A}.Release|Any CPU.ActiveCfg = Release|Any CPU
		{DFB16F4B-6000-46DB-8C9F-A72BEFC61E8A}.Release|Any CPU.Build.0 = Release|Any CPU
	EndGlobalSection
	GlobalSection(SolutionProperties) = preSolution
		HideSolutionNode = FALSE
	EndGlobalSection
	GlobalSection(TeamFoundationVersionControl) = preSolution
		SccNumberOfProjects = 8
		SccEnterpriseProvider = {4CA58AB2-18FA-4F8D-95D4-32DDF27D184C}
		SccTeamFoundationServer = http://devtfs01.devqa.farm:8080/tfs/defaultcollection
		SccLocalPath0 = .
		SccProjectUniqueName1 = ProgrammingPractice\\ProgrammingPractice.csproj
		SccProjectName1 = ProgrammingPractice
		SccLocalPath1 = ProgrammingPractice
		SccProjectUniqueName2 = ProgrammingPractice.Tests\\ProgrammingPractice.Tests.csproj
		SccProjectName2 = ProgrammingPractice.Tests
		SccLocalPath2 = ProgrammingPractice.Tests
		SccProjectUniqueName3 = ProgrammingPractice.Interfaces\\ProgrammingPractice.Interfaces.csproj
		SccProjectName3 = ProgrammingPractice.Interfaces
		SccLocalPath3 = ProgrammingPractice.Interfaces
		SccProjectUniqueName4 = ProgrammingPractice.Service\\ProgrammingPractice.Service.csproj
		SccProjectName4 = ProgrammingPractice.Service
		SccLocalPath4 = ProgrammingPractice.Service
		SccProjectUniqueName5 = ProgrammingPractice.Model\\ProgrammingPractice.Model.csproj
		SccProjectName5 = ProgrammingPractice.Model
		SccLocalPath5 = ProgrammingPractice.Model
		SccProjectUniqueName6 = ProgrammingPractice.Data\\ProgrammingPractice.Data.csproj
		SccProjectName6 = ProgrammingPractice.Data
		SccLocalPath6 = ProgrammingPractice.Data
		SccProjectUniqueName7 = ProgrammingPractice.ErrorHandling\\ProgrammingPractice.ErrorHandling.csproj
		SccProjectName7 = ProgrammingPractice.ErrorHandling
		SccLocalPath7 = ProgrammingPractice.ErrorHandling
	EndGlobalSection
EndGlobal
